
Microsoft Visual Studio Solution File, Format Version 12.00
# Visual Studio 2012
Project("{FAE04EC0-301F-11D3-BF4B-00C04F79EFBC}") = "BodyLanguageAssistant.Android", "BodyLanguageAssistant.Android\BodyLanguageAssistant.Android.csproj", "{FB485EE9-6354-4EA6-8036-9D2ABB00A5AD}"
EndProject
Project("{FAE04EC0-301F-11D3-BF4B-00C04F79EFBC}") = "BodyLanguageAssistant.iOS", "BodyLanguageAssistant.iOS\BodyLanguageAssistant.iOS.csproj", "{7CC31EC5-8F17-4065-B8A4-AA58B5CDEAC5}"
EndProject
Project("{FAE04EC0-301F-11D3-BF4B-00C04F79EFBC}") = "BodyLanguageAssistant", "BodyLanguageAssistant\BodyLanguageAssistant.csproj", "{B3B1714F-2E7B-489D-83FA-5BA76246BEA7}"
EndProject
Global
	GlobalSection(SolutionConfigurationPlatforms) = preSolution
		Debug|Any CPU = Debug|Any CPU
		Release|Any CPU = Release|Any CPU
		Debug|iPhoneSimulator = Debug|iPhoneSimulator
		Release|iPhoneSimulator = Release|iPhoneSimulator
		Debug|iPhone = Debug|iPhone
		Release|iPhone = Release|iPhone
		Ad-Hoc|iPhone = Ad-Hoc|iPhone
		AppStore|iPhone = AppStore|iPhone
	EndGlobalSection
	GlobalSection(ProjectConfigurationPlatforms) = postSolution
		{FB485EE9-6354-4EA6-8036-9D2ABB00A5AD}.Debug|Any CPU.ActiveCfg = Debug|Any CPU
		{FB485EE9-6354-4EA6-8036-9D2ABB00A5AD}.Debug|Any CPU.Build.0 = Debug|Any CPU
		{FB485EE9-6354-4EA6-8036-9D2ABB00A5AD}.Release|Any CPU.ActiveCfg = Release|Any CPU
		{FB485EE9-6354-4EA6-8036-9D2ABB00A5AD}.Release|Any CPU.Build.0 = Release|Any CPU
		{FB485EE9-6354-4EA6-8036-9D2ABB00A5AD}.Debug|iPhoneSimulator.ActiveCfg = Debug|Any CPU
		{FB485EE9-6354-4EA6-8036-9D2ABB00A5AD}.Debug|iPhoneSimulator.Build.0 = Debug|Any CPU
		{FB485EE9-6354-4EA6-8036-9D2ABB00A5AD}.Release|iPhoneSimulator.ActiveCfg = Release|Any CPU
		{FB485EE9-6354-4EA6-8036-9D2ABB00A5AD}.Release|iPhoneSimulator.Build.0 = Release|Any CPU
		{FB485EE9-6354-4EA6-8036-9D2ABB00A5AD}.Debug|iPhone.ActiveCfg = Debug|Any CPU
		{FB485EE9-6354-4EA6-8036-9D2ABB00A5AD}.Debug|iPhone.Build.0 = Debug|Any CPU
		{FB485EE9-6354-4EA6-8036-9D2ABB00A5AD}.Release|iPhone.ActiveCfg = Release|Any CPU
		{FB485EE9-6354-4EA6-8036-9D2ABB00A5AD}.Release|iPhone.Build.0 = Release|Any CPU
		{FB485EE9-6354-4EA6-8036-9D2ABB00A5AD}.Ad-Hoc|iPhone.ActiveCfg = Debug|Any CPU
		{FB485EE9-6354-4EA6-8036-9D2ABB00A5AD}.Ad-Hoc|iPhone.Build.0 = Debug|Any CPU
		{FB485EE9-6354-4EA6-8036-9D2ABB00A5AD}.AppStore|iPhone.ActiveCfg = Debug|Any CPU
		{FB485EE9-6354-4EA6-8036-9D2ABB00A5AD}.AppStore|iPhone.Build.0 = Debug|Any CPU
		{7CC31EC5-8F17-4065-B8A4-AA58B5CDEAC5}.Debug|Any CPU.ActiveCfg = Debug|iPhoneSimulator
		{7CC31EC5-8F17-4065-B8A4-AA58B5CDEAC5}.Debug|Any CPU.Build.0 = Debug|iPhoneSimulator
		{7CC31EC5-8F17-4065-B8A4-AA58B5CDEAC5}.Release|Any CPU.ActiveCfg = Release|iPhoneSimulator
		{7CC31EC5-8F17-4065-B8A4-AA58B5CDEAC5}.Release|Any CPU.Build.0 = Release|iPhoneSimulator
		{7CC31EC5-8F17-4065-B8A4-AA58B5CDEAC5}.Debug|iPhoneSimulator.ActiveCfg = Debug|iPhoneSimulator
		{7CC31EC5-8F17-4065-B8A4-AA58B5CDEAC5}.Debug|iPhoneSimulator.Build.0 = Debug|iPhoneSimulator
		{7CC31EC5-8F17-4065-B8A4-AA58B5CDEAC5}.Release|iPhoneSimulator.ActiveCfg = Release|iPhoneSimulator
		{7CC31EC5-8F17-4065-B8A4-AA58B5CDEAC5}.Release|iPhoneSimulator.Build.0 = Release|iPhoneSimulator
		{7CC31EC5-8F17-4065-B8A4-AA58B5CDEAC5}.Debug|iPhone.ActiveCfg = Debug|iPhone
		{7CC31EC5-8F17-4065-B8A4-AA58B5CDEAC5}.Debug|iPhone.Build.0 = Debug|iPhone
		{7CC31EC5-8F17-4065-B8A4-AA58B5CDEAC5}.Release|iPhone.ActiveCfg = Release|iPhone
		{7CC31EC5-8F17-4065-B8A4-AA58B5CDEAC5}.Release|iPhone.Build.0 = Release|iPhone
		{7CC31EC5-8F17-4065-B8A4-AA58B5CDEAC5}.Ad-Hoc|iPhone.ActiveCfg = Ad-Hoc|iPhone
		{7CC31EC5-8F17-4065-B8A4-AA58B5CDEAC5}.Ad-Hoc|iPhone.Build.0 = Ad-Hoc|iPhone
		{7CC31EC5-8F17-4065-B8A4-AA58B5CDEAC5}.AppStore|iPhone.ActiveCfg = AppStore|iPhone
		{7CC31EC5-8F17-4065-B8A4-AA58B5CDEAC5}.AppStore|iPhone.Build.0 = AppStore|iPhone
		{B3B1714F-2E7B-489D-83FA-5BA76246BEA7}.Debug|Any CPU.ActiveCfg = Debug|Any CPU
		{B3B1714F-2E7B-489D-83FA-5BA76246BEA7}.Debug|Any CPU.Build.0 = Debug|Any CPU
		{B3B1714F-2E7B-489D-83FA-5BA76246BEA7}.Release|Any CPU.ActiveCfg = Release|Any CPU
		{B3B1714F-2E7B-489D-83FA-5BA76246BEA7}.Release|Any CPU.Build.0 = Release|Any CPU
		{B3B1714F-2E7B-489D-83FA-5BA76246BEA7}.Debug|iPhoneSimulator.ActiveCfg = Debug|Any CPU
		{B3B1714F-2E7B-489D-83FA-5BA76246BEA7}.Debug|iPhoneSimulator.Build.0 = Debug|Any CPU
		{B3B1714F-2E7B-489D-83FA-5BA76246BEA7}.Release|iPhoneSimulator.ActiveCfg = Release|Any CPU
		{B3B1714F-2E7B-489D-83FA-5BA76246BEA7}.Release|iPhoneSimulator.Build.0 = Release|Any CPU
		{B3B1714F-2E7B-489D-83FA-5BA76246BEA7}.Debug|iPhone.ActiveCfg = Debug|Any CPU
		{B3B1714F-2E7B-489D-83FA-5BA76246BEA7}.Debug|iPhone.Build.0 = Debug|Any CPU
		{B3B1714F-2E7B-489D-83FA-5BA76246BEA7}.Release|iPhone.ActiveCfg = Release|Any CPU
		{B3B1714F-2E7B-489D-83FA-5BA76246BEA7}.Release|iPhone.Build.0 = Release|Any CPU
		{B3B1714F-2E7B-489D-83FA-5BA76246BEA7}.Ad-Hoc|iPhone.ActiveCfg = Debug|Any CPU
		{B3B1714F-2E7B-489D-83FA-5BA76246BEA7}.Ad-Hoc|iPhone.Build.0 = Debug|Any CPU
		{B3B1714F-2E7B-489D-83FA-5BA76246BEA7}.AppStore|iPhone.ActiveCfg = Debug|Any CPU
		{B3B1714F-2E7B-489D-83FA-5BA76246BEA7}.AppStore|iPhone.Build.0 = Debug|Any CPU
	EndGlobalSection
	GlobalSection(MonoDevelopProperties) = preSolution
		Policies = $0
		$0.VersionControlPolicy = $1
	EndGlobalSection
EndGlobal
